// !$*UTF8*$!
{
	archiveVersion = 1;
	classes = {
	};
	objectVersion = 46;
	objects = {

/* Begin PBXBuildFile section */
		1A81F71A1ECAF6C30009C4C5 /* SkillCategory.swift in Sources */ = {isa = PBXBuildFile; fileRef = 1A81F7161ECAF6C30009C4C5 /* SkillCategory.swift */; };
		1A81F71B1ECAF6C30009C4C5 /* SkillCategoryViewCell.swift in Sources */ = {isa = PBXBuildFile; fileRef = 1A81F7171ECAF6C30009C4C5 /* SkillCategoryViewCell.swift */; };
		1A81F71F1ECAF72B0009C4C5 /* ViewController.swift in Sources */ = {isa = PBXBuildFile; fileRef = 1A81F71E1ECAF72B0009C4C5 /* ViewController.swift */; };
		1A81F7211ECB0C6E0009C4C5 /* SpecificCategoryVC.swift in Sources */ = {isa = PBXBuildFile; fileRef = 1A81F7201ECB0C6E0009C4C5 /* SpecificCategoryVC.swift */; };
		1AA657B71ECB40FE00A46378 /* SkillTableViewCell.swift in Sources */ = {isa = PBXBuildFile; fileRef = 1AA657B51ECB40FE00A46378 /* SkillTableViewCell.swift */; };
		1AA657BB1ECBE86E00A46378 /* EmployeeTableViewCell.swift in Sources */ = {isa = PBXBuildFile; fileRef = 1AA657B91ECBE86E00A46378 /* EmployeeTableViewCell.swift */; };
		1AA657BC1ECBE86E00A46378 /* EmployeeTableViewCell.xib in Resources */ = {isa = PBXBuildFile; fileRef = 1AA657BA1ECBE86E00A46378 /* EmployeeTableViewCell.xib */; };
		1AA657C01ECBEBCE00A46378 /* BrowseTutorVC.swift in Sources */ = {isa = PBXBuildFile; fileRef = 1AA657BF1ECBEBCE00A46378 /* BrowseTutorVC.swift */; };
		1AB2790F1ECAACDD00C6F02B /* AppDelegate.swift in Sources */ = {isa = PBXBuildFile; fileRef = 1AB2790E1ECAACDD00C6F02B /* AppDelegate.swift */; };
		1AB279141ECAACDD00C6F02B /* Main.storyboard in Resources */ = {isa = PBXBuildFile; fileRef = 1AB279121ECAACDD00C6F02B /* Main.storyboard */; };
		1AB279161ECAACDD00C6F02B /* Assets.xcassets in Resources */ = {isa = PBXBuildFile; fileRef = 1AB279151ECAACDD00C6F02B /* Assets.xcassets */; };
		1AB279191ECAACDD00C6F02B /* LaunchScreen.storyboard in Resources */ = {isa = PBXBuildFile; fileRef = 1AB279171ECAACDD00C6F02B /* LaunchScreen.storyboard */; };
		1AB279211ECAB08C00C6F02B /* (null) in Sources */ = {isa = PBXBuildFile; };
		1AB279231ECAB73700C6F02B /* (null) in Sources */ = {isa = PBXBuildFile; };
		1AB279251ECAF0C100C6F02B /* (null) in Sources */ = {isa = PBXBuildFile; };
/* End PBXBuildFile section */

/* Begin PBXFileReference section */
		1A81F7161ECAF6C30009C4C5 /* SkillCategory.swift */ = {isa = PBXFileReference; fileEncoding = 4; lastKnownFileType = sourcecode.swift; path = SkillCategory.swift; sourceTree = "<group>"; };
		1A81F7171ECAF6C30009C4C5 /* SkillCategoryViewCell.swift */ = {isa = PBXFileReference; fileEncoding = 4; lastKnownFileType = sourcecode.swift; path = SkillCategoryViewCell.swift; sourceTree = "<group>"; };
		1A81F71E1ECAF72B0009C4C5 /* ViewController.swift */ = {isa = PBXFileReference; fileEncoding = 4; lastKnownFileType = sourcecode.swift; path = ViewController.swift; sourceTree = "<group>"; };
		1A81F7201ECB0C6E0009C4C5 /* SpecificCategoryVC.swift */ = {isa = PBXFileReference; fileEncoding = 4; lastKnownFileType = sourcecode.swift; path = SpecificCategoryVC.swift; sourceTree = "<group>"; };
		1AA657B51ECB40FE00A46378 /* SkillTableViewCell.swift */ = {isa = PBXFileReference; fileEncoding = 4; lastKnownFileType = sourcecode.swift; path = SkillTableViewCell.swift; sourceTree = "<group>"; };
		1AA657B91ECBE86E00A46378 /* EmployeeTableViewCell.swift */ = {isa = PBXFileReference; fileEncoding = 4; lastKnownFileType = sourcecode.swift; path = EmployeeTableViewCell.swift; sourceTree = "<group>"; };
		1AA657BA1ECBE86E00A46378 /* EmployeeTableViewCell.xib */ = {isa = PBXFileReference; fileEncoding = 4; lastKnownFileType = file.xib; path = EmployeeTableViewCell.xib; sourceTree = "<group>"; };
		1AA657BF1ECBEBCE00A46378 /* BrowseTutorVC.swift */ = {isa = PBXFileReference; fileEncoding = 4; lastKnownFileType = sourcecode.swift; path = BrowseTutorVC.swift; sourceTree = "<group>"; };
		1AB2790B1ECAACDD00C6F02B /* SquadUpHR.app */ = {isa = PBXFileReference; explicitFileType = wrapper.application; includeInIndex = 0; path = SquadUpHR.app; sourceTree = BUILT_PRODUCTS_DIR; };
		1AB2790E1ECAACDD00C6F02B /* AppDelegate.swift */ = {isa = PBXFileReference; lastKnownFileType = sourcecode.swift; path = AppDelegate.swift; sourceTree = "<group>"; };
		1AB279131ECAACDD00C6F02B /* Base */ = {isa = PBXFileReference; lastKnownFileType = file.storyboard; name = Base; path = Base.lproj/Main.storyboard; sourceTree = "<group>"; };
		1AB279151ECAACDD00C6F02B /* Assets.xcassets */ = {isa = PBXFileReference; lastKnownFileType = folder.assetcatalog; path = Assets.xcassets; sourceTree = "<group>"; };
		1AB279181ECAACDD00C6F02B /* Base */ = {isa = PBXFileReference; lastKnownFileType = file.storyboard; name = Base; path = Base.lproj/LaunchScreen.storyboard; sourceTree = "<group>"; };
		1AB2791A1ECAACDD00C6F02B /* Info.plist */ = {isa = PBXFileReference; lastKnownFileType = text.plist.xml; path = Info.plist; sourceTree = "<group>"; };
		7AAB937B1ECAB69F007FFE1A /* LoginStoryboard.storyboard */ = {isa = PBXFileReference; fileEncoding = 4; lastKnownFileType = file.storyboard; path = LoginStoryboard.storyboard; sourceTree = "<group>"; };
		7AAB93841ECAB799007FFE1A /* LoginViewController.swift */ = {isa = PBXFileReference; fileEncoding = 4; lastKnownFileType = sourcecode.swift; path = LoginViewController.swift; sourceTree = "<group>"; };
/* End PBXFileReference section */

/* Begin PBXFrameworksBuildPhase section */
		1AB279081ECAACDD00C6F02B /* Frameworks */ = {
			isa = PBXFrameworksBuildPhase;
			buildActionMask = 2147483647;
			files = (
			);
			runOnlyForDeploymentPostprocessing = 0;
		};
/* End PBXFrameworksBuildPhase section */

/* Begin PBXGroup section */
		1AB279021ECAACDD00C6F02B = {
			isa = PBXGroup;
			children = (
				1AB2790D1ECAACDD00C6F02B /* SquadUpHR */,
				1AB2790C1ECAACDD00C6F02B /* Products */,
			);
			sourceTree = "<group>";
		};
		1AB2790C1ECAACDD00C6F02B /* Products */ = {
			isa = PBXGroup;
			children = (
				1AB2790B1ECAACDD00C6F02B /* SquadUpHR.app */,
			);
			name = Products;
			sourceTree = "<group>";
		};
		1AB2790D1ECAACDD00C6F02B /* SquadUpHR */ = {
			isa = PBXGroup;
			children = (
				1AB2790E1ECAACDD00C6F02B /* AppDelegate.swift */,
				7AAB937F1ECAB6BB007FFE1A /* Models */,
				7AAB937E1ECAB6B4007FFE1A /* Views */,
				7AAB93801ECAB6C4007FFE1A /* Helpers */,
				7AAB937D1ECAB6A8007FFE1A /* Controllers */,
				1AB279121ECAACDD00C6F02B /* Main.storyboard */,
				1AB279151ECAACDD00C6F02B /* Assets.xcassets */,
				1AB279171ECAACDD00C6F02B /* LaunchScreen.storyboard */,
				1AB2791A1ECAACDD00C6F02B /* Info.plist */,
				7AAB93811ECAB75F007FFE1A /* Login  */,
			);
			path = SquadUpHR;
			sourceTree = "<group>";
		};
		7AAB937D1ECAB6A8007FFE1A /* Controllers */ = {
			isa = PBXGroup;
			children = (
				1A81F71E1ECAF72B0009C4C5 /* ViewController.swift */,
				1A81F7201ECB0C6E0009C4C5 /* SpecificCategoryVC.swift */,
				1AA657BF1ECBEBCE00A46378 /* BrowseTutorVC.swift */,
			);
			name = Controllers;
			sourceTree = "<group>";
		};
		7AAB937E1ECAB6B4007FFE1A /* Views */ = {
			isa = PBXGroup;
			children = (
				1A81F7171ECAF6C30009C4C5 /* SkillCategoryViewCell.swift */,
				1AA657B51ECB40FE00A46378 /* SkillTableViewCell.swift */,
				1AA657B91ECBE86E00A46378 /* EmployeeTableViewCell.swift */,
				1AA657BA1ECBE86E00A46378 /* EmployeeTableViewCell.xib */,
			);
			name = Views;
			sourceTree = "<group>";
		};
		7AAB937F1ECAB6BB007FFE1A /* Models */ = {
			isa = PBXGroup;
			children = (
				1A81F7161ECAF6C30009C4C5 /* SkillCategory.swift */,
			);
			name = Models;
			sourceTree = "<group>";
		};
		7AAB93801ECAB6C4007FFE1A /* Helpers */ = {
			isa = PBXGroup;
			children = (
			);
			name = Helpers;
			sourceTree = "<group>";
		};
		7AAB93811ECAB75F007FFE1A /* Login  */ = {
			isa = PBXGroup;
			children = (
				7AAB937B1ECAB69F007FFE1A /* LoginStoryboard.storyboard */,
				7AAB93831ECAB77E007FFE1A /* View */,
				7AAB93821ECAB773007FFE1A /* Controller */,
			);
			name = "Login ";
			sourceTree = "<group>";
		};
		7AAB93821ECAB773007FFE1A /* Controller */ = {
			isa = PBXGroup;
			children = (
				7AAB93841ECAB799007FFE1A /* LoginViewController.swift */,
			);
			name = Controller;
			sourceTree = "<group>";
		};
		7AAB93831ECAB77E007FFE1A /* View */ = {
			isa = PBXGroup;
			children = (
			);
			name = View;
			sourceTree = "<group>";
		};
/* End PBXGroup section */

/* Begin PBXNativeTarget section */
		1AB2790A1ECAACDD00C6F02B /* SquadUpHR */ = {
			isa = PBXNativeTarget;
			buildConfigurationList = 1AB2791D1ECAACDD00C6F02B /* Build configuration list for PBXNativeTarget "SquadUpHR" */;
			buildPhases = (
				1AB279071ECAACDD00C6F02B /* Sources */,
				1AB279081ECAACDD00C6F02B /* Frameworks */,
				1AB279091ECAACDD00C6F02B /* Resources */,
			);
			buildRules = (
			);
			dependencies = (
			);
			name = SquadUpHR;
			productName = SquadUpHR;
			productReference = 1AB2790B1ECAACDD00C6F02B /* SquadUpHR.app */;
			productType = "com.apple.product-type.application";
		};
/* End PBXNativeTarget section */

/* Begin PBXProject section */
		1AB279031ECAACDD00C6F02B /* Project object */ = {
			isa = PBXProject;
			attributes = {
				LastSwiftUpdateCheck = 0830;
				LastUpgradeCheck = 0830;
				ORGANIZATIONNAME = "Max Jala";
				TargetAttributes = {
					1AB2790A1ECAACDD00C6F02B = {
						CreatedOnToolsVersion = 8.3.2;
						DevelopmentTeam = VG6999JNVA;
						ProvisioningStyle = Automatic;
					};
				};
			};
			buildConfigurationList = 1AB279061ECAACDD00C6F02B /* Build configuration list for PBXProject "SquadUpHR" */;
			compatibilityVersion = "Xcode 3.2";
			developmentRegion = English;
			hasScannedForEncodings = 0;
			knownRegions = (
				en,
				Base,
			);
			mainGroup = 1AB279021ECAACDD00C6F02B;
			productRefGroup = 1AB2790C1ECAACDD00C6F02B /* Products */;
			projectDirPath = "";
			projectRoot = "";
			targets = (
				1AB2790A1ECAACDD00C6F02B /* SquadUpHR */,
			);
		};
/* End PBXProject section */

/* Begin PBXResourcesBuildPhase section */
		1AB279091ECAACDD00C6F02B /* Resources */ = {
			isa = PBXResourcesBuildPhase;
			buildActionMask = 2147483647;
			files = (
				1AB279191ECAACDD00C6F02B /* LaunchScreen.storyboard in Resources */,
				1AA657BC1ECBE86E00A46378 /* EmployeeTableViewCell.xib in Resources */,
				1AB279161ECAACDD00C6F02B /* Assets.xcassets in Resources */,
				1AB279141ECAACDD00C6F02B /* Main.storyboard in Resources */,
			);
			runOnlyForDeploymentPostprocessing = 0;
		};
/* End PBXResourcesBuildPhase section */

/* Begin PBXSourcesBuildPhase section */
		1AB279071ECAACDD00C6F02B /* Sources */ = {
			isa = PBXSourcesBuildPhase;
			buildActionMask = 2147483647;
			files = (
				1A81F7211ECB0C6E0009C4C5 /* SpecificCategoryVC.swift in Sources */,
				1AB2790F1ECAACDD00C6F02B /* AppDelegate.swift in Sources */,
				1A81F71B1ECAF6C30009C4C5 /* SkillCategoryViewCell.swift in Sources */,
				1AA657BB1ECBE86E00A46378 /* EmployeeTableViewCell.swift in Sources */,
				1AB279251ECAF0C100C6F02B /* (null) in Sources */,
				1A81F71F1ECAF72B0009C4C5 /* ViewController.swift in Sources */,
				1AA657C01ECBEBCE00A46378 /* BrowseTutorVC.swift in Sources */,
				1A81F71A1ECAF6C30009C4C5 /* SkillCategory.swift in Sources */,
				1AA657B71ECB40FE00A46378 /* SkillTableViewCell.swift in Sources */,
				1AB279211ECAB08C00C6F02B /* (null) in Sources */,
				1AB279231ECAB73700C6F02B /* (null) in Sources */,
			);
			runOnlyForDeploymentPostprocessing = 0;
		};
/* End PBXSourcesBuildPhase section */

/* Begin PBXVariantGroup section */
		1AB279121ECAACDD00C6F02B /* Main.storyboard */ = {
			isa = PBXVariantGroup;
			children = (
				1AB279131ECAACDD00C6F02B /* Base */,
			);
			name = Main.storyboard;
			sourceTree = "<group>";
		};
		1AB279171ECAACDD00C6F02B /* LaunchScreen.storyboard */ = {
			isa = PBXVariantGroup;
			children = (
				1AB279181ECAACDD00C6F02B /* Base */,
			);
			name = LaunchScreen.storyboard;
			sourceTree = "<group>";
		};
/* End PBXVariantGroup section */

/* Begin XCBuildConfiguration section */
		1AB2791B1ECAACDD00C6F02B /* Debug */ = {
			isa = XCBuildConfiguration;
			buildSettings = {
				ALWAYS_SEARCH_USER_PATHS = NO;
				CLANG_ANALYZER_NONNULL = YES;
				CLANG_ANALYZER_NUMBER_OBJECT_CONVERSION = YES_AGGRESSIVE;
				CLANG_CXX_LANGUAGE_STANDARD = "gnu++0x";
				CLANG_CXX_LIBRARY = "libc++";
				CLANG_ENABLE_MODULES = YES;
				CLANG_ENABLE_OBJC_ARC = YES;
				CLANG_WARN_BOOL_CONVERSION = YES;
				CLANG_WARN_CONSTANT_CONVERSION = YES;
				CLANG_WARN_DIRECT_OBJC_ISA_USAGE = YES_ERROR;
				CLANG_WARN_DOCUMENTATION_COMMENTS = YES;
				CLANG_WARN_EMPTY_BODY = YES;
				CLANG_WARN_ENUM_CONVERSION = YES;
				CLANG_WARN_INFINITE_RECURSION = YES;
				CLANG_WARN_INT_CONVERSION = YES;
				CLANG_WARN_OBJC_ROOT_CLASS = YES_ERROR;
				CLANG_WARN_SUSPICIOUS_MOVE = YES;
				CLANG_WARN_UNREACHABLE_CODE = YES;
				CLANG_WARN__DUPLICATE_METHOD_MATCH = YES;
				"CODE_SIGN_IDENTITY[sdk=iphoneos*]" = "iPhone Developer";
				COPY_PHASE_STRIP = NO;
				DEBUG_INFORMATION_FORMAT = dwarf;
				ENABLE_STRICT_OBJC_MSGSEND = YES;
				ENABLE_TESTABILITY = YES;
				GCC_C_LANGUAGE_STANDARD = gnu99;
				GCC_DYNAMIC_NO_PIC = NO;
				GCC_NO_COMMON_BLOCKS = YES;
				GCC_OPTIMIZATION_LEVEL = 0;
				GCC_PREPROCESSOR_DEFINITIONS = (
					"DEBUG=1",
					"$(inherited)",
				);
				GCC_WARN_64_TO_32_BIT_CONVERSION = YES;
				GCC_WARN_ABOUT_RETURN_TYPE = YES_ERROR;
				GCC_WARN_UNDECLARED_SELECTOR = YES;
				GCC_WARN_UNINITIALIZED_AUTOS = YES_AGGRESSIVE;
				GCC_WARN_UNUSED_FUNCTION = YES;
				GCC_WARN_UNUSED_VARIABLE = YES;
				IPHONEOS_DEPLOYMENT_TARGET = 10.3;
				MTL_ENABLE_DEBUG_INFO = YES;
				ONLY_ACTIVE_ARCH = YES;
				SDKROOT = iphoneos;
				SWIFT_ACTIVE_COMPILATION_CONDITIONS = DEBUG;
				SWIFT_OPTIMIZATION_LEVEL = "-Onone";
				TARGETED_DEVICE_FAMILY = "1,2";
			};
			name = Debug;
		};
		1AB2791C1ECAACDD00C6F02B /* Release */ = {
			isa = XCBuildConfiguration;
			buildSettings = {
				ALWAYS_SEARCH_USER_PATHS = NO;
				CLANG_ANALYZER_NONNULL = YES;
				CLANG_ANALYZER_NUMBER_OBJECT_CONVERSION = YES_AGGRESSIVE;
				CLANG_CXX_LANGUAGE_STANDARD = "gnu++0x";
				CLANG_CXX_LIBRARY = "libc++";
				CLANG_ENABLE_MODULES = YES;
				CLANG_ENABLE_OBJC_ARC = YES;
				CLANG_WARN_BOOL_CONVERSION = YES;
				CLANG_WARN_CONSTANT_CONVERSION = YES;
				CLANG_WARN_DIRECT_OBJC_ISA_USAGE = YES_ERROR;
				CLANG_WARN_DOCUMENTATION_COMMENTS = YES;
				CLANG_WARN_EMPTY_BODY = YES;
				CLANG_WARN_ENUM_CONVERSION = YES;
				CLANG_WARN_INFINITE_RECURSION = YES;
				CLANG_WARN_INT_CONVERSION = YES;
				CLANG_WARN_OBJC_ROOT_CLASS = YES_ERROR;
				CLANG_WARN_SUSPICIOUS_MOVE = YES;
				CLANG_WARN_UNREACHABLE_CODE = YES;
				CLANG_WARN__DUPLICATE_METHOD_MATCH = YES;
				"CODE_SIGN_IDENTITY[sdk=iphoneos*]" = "iPhone Developer";
				COPY_PHASE_STRIP = NO;
				DEBUG_INFORMATION_FORMAT = "dwarf-with-dsym";
				ENABLE_NS_ASSERTIONS = NO;
				ENABLE_STRICT_OBJC_MSGSEND = YES;
				GCC_C_LANGUAGE_STANDARD = gnu99;
				GCC_NO_COMMON_BLOCKS = YES;
				GCC_WARN_64_TO_32_BIT_CONVERSION = YES;
				GCC_WARN_ABOUT_RETURN_TYPE = YES_ERROR;
				GCC_WARN_UNDECLARED_SELECTOR = YES;
				GCC_WARN_UNINITIALIZED_AUTOS = YES_AGGRESSIVE;
				GCC_WARN_UNUSED_FUNCTION = YES;
				GCC_WARN_UNUSED_VARIABLE = YES;
				IPHONEOS_DEPLOYMENT_TARGET = 10.3;
				MTL_ENABLE_DEBUG_INFO = NO;
				SDKROOT = iphoneos;
				SWIFT_OPTIMIZATION_LEVEL = "-Owholemodule";
				TARGETED_DEVICE_FAMILY = "1,2";
				VALIDATE_PRODUCT = YES;
			};
			name = Release;
		};
		1AB2791E1ECAACDD00C6F02B /* Debug */ = {
			isa = XCBuildConfiguration;
			buildSettings = {
				ASSETCATALOG_COMPILER_APPICON_NAME = AppIcon;
				DEVELOPMENT_TEAM = VG6999JNVA;
				INFOPLIST_FILE = SquadUpHR/Info.plist;
				LD_RUNPATH_SEARCH_PATHS = "$(inherited) @executable_path/Frameworks";
				PRODUCT_BUNDLE_IDENTIFIER = com.nextacademy.SquadUpHR;
				PRODUCT_NAME = "$(TARGET_NAME)";
				SWIFT_VERSION = 3.0;
			};
			name = Debug;
		};
		1AB2791F1ECAACDD00C6F02B /* Release */ = {
			isa = XCBuildConfiguration;
			buildSettings = {
				ASSETCATALOG_COMPILER_APPICON_NAME = AppIcon;
				DEVELOPMENT_TEAM = VG6999JNVA;
				INFOPLIST_FILE = SquadUpHR/Info.plist;
				LD_RUNPATH_SEARCH_PATHS = "$(inherited) @executable_path/Frameworks";
				PRODUCT_BUNDLE_IDENTIFIER = com.nextacademy.SquadUpHR;
				PRODUCT_NAME = "$(TARGET_NAME)";
				SWIFT_VERSION = 3.0;
			};
			name = Release;
		};
/* End XCBuildConfiguration section */

/* Begin XCConfigurationList section */
		1AB279061ECAACDD00C6F02B /* Build configuration list for PBXProject "SquadUpHR" */ = {
			isa = XCConfigurationList;
			buildConfigurations = (
				1AB2791B1ECAACDD00C6F02B /* Debug */,
				1AB2791C1ECAACDD00C6F02B /* Release */,
			);
			defaultConfigurationIsVisible = 0;
			defaultConfigurationName = Release;
		};
		1AB2791D1ECAACDD00C6F02B /* Build configuration list for PBXNativeTarget "SquadUpHR" */ = {
			isa = XCConfigurationList;
			buildConfigurations = (
				1AB2791E1ECAACDD00C6F02B /* Debug */,
				1AB2791F1ECAACDD00C6F02B /* Release */,
			);
			defaultConfigurationIsVisible = 0;
			defaultConfigurationName = Release;
		};
/* End XCConfigurationList section */
	};
	rootObject = 1AB279031ECAACDD00C6F02B /* Project object */;
}
